
Microsoft Visual Studio Solution File, Format Version 12.00
# Visual Studio Version 17
VisualStudioVersion = 17.2.32802.462
MinimumVisualStudioVersion = 10.0.40219.1
Project("{9A19103F-16F7-4668-BE54-9A1E7A4F7556}") = "BlazorApp41", "BlazorApp41\BlazorApp41.csproj", "{54D5B66B-E773-44AB-8B0F-3AC1D143D11A}"
EndProject
Project("{FAE04EC0-301F-11D3-BF4B-00C04F79EFBC}") = "PeteLib", "PeteLib\PeteLib.csproj", "{769BBF38-D086-4ABB-8C5A-D819852DA82A}"
EndProject
Global
	GlobalSection(SolutionConfigurationPlatforms) = preSolution
		Debug|Any CPU = Debug|Any CPU
		Release|Any CPU = Release|Any CPU
	EndGlobalSection
	GlobalSection(ProjectConfigurationPlatforms) = postSolution
		{54D5B66B-E773-44AB-8B0F-3AC1D143D11A}.Debug|Any CPU.ActiveCfg = Debug|Any CPU
		{54D5B66B-E773-44AB-8B0F-3AC1D143D11A}.Debug|Any CPU.Build.0 = Debug|Any CPU
		{54D5B66B-E773-44AB-8B0F-3AC1D143D11A}.Release|Any CPU.ActiveCfg = Release|Any CPU
		{54D5B66B-E773-44AB-8B0F-3AC1D143D11A}.Release|Any CPU.Build.0 = Release|Any CPU
		{769BBF38-D086-4ABB-8C5A-D819852DA82A}.Debug|Any CPU.ActiveCfg = Debug|Any CPU
		{769BBF38-D086-4ABB-8C5A-D819852DA82A}.Debug|Any CPU.Build.0 = Debug|Any CPU
		{769BBF38-D086-4ABB-8C5A-D819852DA82A}.Release|Any CPU.ActiveCfg = Release|Any CPU
		{769BBF38-D086-4ABB-8C5A-D819852DA82A}.Release|Any CPU.Build.0 = Release|Any CPU
	EndGlobalSection
	GlobalSection(SolutionProperties) = preSolution
		HideSolutionNode = FALSE
	EndGlobalSection
	GlobalSection(ExtensibilityGlobals) = postSolution
		SolutionGuid = {60048E5C-E062-4745-8E91-B8C75BC46064}
	EndGlobalSection
EndGlobal
